
Microsoft Visual Studio Solution File, Format Version 12.00
# Visual Studio Version 17
VisualStudioVersion = 17.0.31903.59
MinimumVisualStudioVersion = 10.0.40219.1
Project("{FAE04EC0-301F-11D3-BF4B-00C04F79EFBC}") = "HelloWorld", "00_HelloWorld\HelloWorld.csproj", "{D03ED9E7-AC56-447A-8F68-3DFD742072A0}"
EndProject
Project("{FAE04EC0-301F-11D3-BF4B-00C04F79EFBC}") = "01_TypesAndVariables", "01_TypesAndVariables\01_TypesAndVariables.csproj", "{34F4DBD4-D0DD-4B8C-B1F0-14A66E7A5A39}"
EndProject
Global
	GlobalSection(SolutionConfigurationPlatforms) = preSolution
		Debug|Any CPU = Debug|Any CPU
		Release|Any CPU = Release|Any CPU
	EndGlobalSection
	GlobalSection(SolutionProperties) = preSolution
		HideSolutionNode = FALSE
	EndGlobalSection
	GlobalSection(ProjectConfigurationPlatforms) = postSolution
		{D03ED9E7-AC56-447A-8F68-3DFD742072A0}.Debug|Any CPU.ActiveCfg = Debug|Any CPU
		{D03ED9E7-AC56-447A-8F68-3DFD742072A0}.Debug|Any CPU.Build.0 = Debug|Any CPU
		{D03ED9E7-AC56-447A-8F68-3DFD742072A0}.Release|Any CPU.ActiveCfg = Release|Any CPU
		{D03ED9E7-AC56-447A-8F68-3DFD742072A0}.Release|Any CPU.Build.0 = Release|Any CPU
		{34F4DBD4-D0DD-4B8C-B1F0-14A66E7A5A39}.Debug|Any CPU.ActiveCfg = Debug|Any CPU
		{34F4DBD4-D0DD-4B8C-B1F0-14A66E7A5A39}.Debug|Any CPU.Build.0 = Debug|Any CPU
		{34F4DBD4-D0DD-4B8C-B1F0-14A66E7A5A39}.Release|Any CPU.ActiveCfg = Release|Any CPU
		{34F4DBD4-D0DD-4B8C-B1F0-14A66E7A5A39}.Release|Any CPU.Build.0 = Release|Any CPU
	EndGlobalSection
EndGlobal
